// !$*UTF8*$!
{
	archiveVersion = 1;
	classes = {
	};
	objectVersion = 50;
	objects = {

/* Begin PBXBuildFile section */
		C380B9A626F5095200E748D2 /* AppDelegate.swift in Sources */ = {isa = PBXBuildFile; fileRef = C380B9A526F5095200E748D2 /* AppDelegate.swift */; };
		C380B9A826F5095200E748D2 /* SceneDelegate.swift in Sources */ = {isa = PBXBuildFile; fileRef = C380B9A726F5095200E748D2 /* SceneDelegate.swift */; };
		C380B9AA26F5095200E748D2 /* ContentView.swift in Sources */ = {isa = PBXBuildFile; fileRef = C380B9A926F5095200E748D2 /* ContentView.swift */; };
		C380B9AC26F5095400E748D2 /* Assets.xcassets in Resources */ = {isa = PBXBuildFile; fileRef = C380B9AB26F5095400E748D2 /* Assets.xcassets */; };
		C380B9AF26F5095400E748D2 /* Preview Assets.xcassets in Resources */ = {isa = PBXBuildFile; fileRef = C380B9AE26F5095400E748D2 /* Preview Assets.xcassets */; };
		C380B9B226F5095400E748D2 /* LaunchScreen.storyboard in Resources */ = {isa = PBXBuildFile; fileRef = C380B9B026F5095400E748D2 /* LaunchScreen.storyboard */; };
		C380B9BB26F50D2100E748D2 /* NetworkManager.swift in Sources */ = {isa = PBXBuildFile; fileRef = C380B9BA26F50D2100E748D2 /* NetworkManager.swift */; };
		C380B9BD26F5122400E748D2 /* PostData.swift in Sources */ = {isa = PBXBuildFile; fileRef = C380B9BC26F5122400E748D2 /* PostData.swift */; };
		C380B9C126F5176D00E748D2 /* DetailView.swift in Sources */ = {isa = PBXBuildFile; fileRef = C380B9C026F5176D00E748D2 /* DetailView.swift */; };
		C380B9C326F51A0800E748D2 /* WebView.swift in Sources */ = {isa = PBXBuildFile; fileRef = C380B9C226F51A0800E748D2 /* WebView.swift */; };
/* End PBXBuildFile section */

/* Begin PBXFileReference section */
		C380B9A226F5095200E748D2 /* H4X0R News.app */ = {isa = PBXFileReference; explicitFileType = wrapper.application; includeInIndex = 0; path = "H4X0R News.app"; sourceTree = BUILT_PRODUCTS_DIR; };
		C380B9A526F5095200E748D2 /* AppDelegate.swift */ = {isa = PBXFileReference; lastKnownFileType = sourcecode.swift; path = AppDelegate.swift; sourceTree = "<group>"; };
		C380B9A726F5095200E748D2 /* SceneDelegate.swift */ = {isa = PBXFileReference; lastKnownFileType = sourcecode.swift; path = SceneDelegate.swift; sourceTree = "<group>"; };
		C380B9A926F5095200E748D2 /* ContentView.swift */ = {isa = PBXFileReference; lastKnownFileType = sourcecode.swift; path = ContentView.swift; sourceTree = "<group>"; };
		C380B9AB26F5095400E748D2 /* Assets.xcassets */ = {isa = PBXFileReference; lastKnownFileType = folder.assetcatalog; path = Assets.xcassets; sourceTree = "<group>"; };
		C380B9AE26F5095400E748D2 /* Preview Assets.xcassets */ = {isa = PBXFileReference; lastKnownFileType = folder.assetcatalog; path = "Preview Assets.xcassets"; sourceTree = "<group>"; };
		C380B9B126F5095400E748D2 /* Base */ = {isa = PBXFileReference; lastKnownFileType = file.storyboard; name = Base; path = Base.lproj/LaunchScreen.storyboard; sourceTree = "<group>"; };
		C380B9B326F5095400E748D2 /* Info.plist */ = {isa = PBXFileReference; lastKnownFileType = text.plist.xml; path = Info.plist; sourceTree = "<group>"; };
		C380B9BA26F50D2100E748D2 /* NetworkManager.swift */ = {isa = PBXFileReference; lastKnownFileType = sourcecode.swift; path = NetworkManager.swift; sourceTree = "<group>"; };
		C380B9BC26F5122400E748D2 /* PostData.swift */ = {isa = PBXFileReference; lastKnownFileType = sourcecode.swift; path = PostData.swift; sourceTree = "<group>"; };
		C380B9C026F5176D00E748D2 /* DetailView.swift */ = {isa = PBXFileReference; lastKnownFileType = sourcecode.swift; path = DetailView.swift; sourceTree = "<group>"; };
		C380B9C226F51A0800E748D2 /* WebView.swift */ = {isa = PBXFileReference; lastKnownFileType = sourcecode.swift; path = WebView.swift; sourceTree = "<group>"; };
		C380B9C426F51BF800E748D2 /* H4X0R News.entitlements */ = {isa = PBXFileReference; lastKnownFileType = text.plist.entitlements; path = "H4X0R News.entitlements"; sourceTree = "<group>"; };
/* End PBXFileReference section */

/* Begin PBXFrameworksBuildPhase section */
		C380B99F26F5095200E748D2 /* Frameworks */ = {
			isa = PBXFrameworksBuildPhase;
			buildActionMask = 2147483647;
			files = (
			);
			runOnlyForDeploymentPostprocessing = 0;
		};
/* End PBXFrameworksBuildPhase section */

/* Begin PBXGroup section */
		C380B99926F5095200E748D2 = {
			isa = PBXGroup;
			children = (
				C380B9A426F5095200E748D2 /* H4X0R News */,
				C380B9A326F5095200E748D2 /* Products */,
			);
			sourceTree = "<group>";
		};
		C380B9A326F5095200E748D2 /* Products */ = {
			isa = PBXGroup;
			children = (
				C380B9A226F5095200E748D2 /* H4X0R News.app */,
			);
			name = Products;
			sourceTree = "<group>";
		};
		C380B9A426F5095200E748D2 /* H4X0R News */ = {
			isa = PBXGroup;
			children = (
				C380B9C426F51BF800E748D2 /* H4X0R News.entitlements */,
				C380B9B926F50D1100E748D2 /* Models */,
				C380B9A526F5095200E748D2 /* AppDelegate.swift */,
				C380B9A726F5095200E748D2 /* SceneDelegate.swift */,
				C380B9BF26F5175700E748D2 /* Views */,
				C380B9AB26F5095400E748D2 /* Assets.xcassets */,
				C380B9B026F5095400E748D2 /* LaunchScreen.storyboard */,
				C380B9B326F5095400E748D2 /* Info.plist */,
				C380B9AD26F5095400E748D2 /* Preview Content */,
			);
			path = "H4X0R News";
			sourceTree = "<group>";
		};
		C380B9AD26F5095400E748D2 /* Preview Content */ = {
			isa = PBXGroup;
			children = (
				C380B9AE26F5095400E748D2 /* Preview Assets.xcassets */,
			);
			path = "Preview Content";
			sourceTree = "<group>";
		};
		C380B9B926F50D1100E748D2 /* Models */ = {
			isa = PBXGroup;
			children = (
				C380B9BA26F50D2100E748D2 /* NetworkManager.swift */,
				C380B9BC26F5122400E748D2 /* PostData.swift */,
			);
			path = Models;
			sourceTree = "<group>";
		};
		C380B9BF26F5175700E748D2 /* Views */ = {
			isa = PBXGroup;
			children = (
				C380B9A926F5095200E748D2 /* ContentView.swift */,
				C380B9C026F5176D00E748D2 /* DetailView.swift */,
				C380B9C226F51A0800E748D2 /* WebView.swift */,
			);
			path = Views;
			sourceTree = "<group>";
		};
/* End PBXGroup section */

/* Begin PBXNativeTarget section */
		C380B9A126F5095200E748D2 /* H4X0R News */ = {
			isa = PBXNativeTarget;
			buildConfigurationList = C380B9B626F5095400E748D2 /* Build configuration list for PBXNativeTarget "H4X0R News" */;
			buildPhases = (
				C380B99E26F5095200E748D2 /* Sources */,
				C380B99F26F5095200E748D2 /* Frameworks */,
				C380B9A026F5095200E748D2 /* Resources */,
			);
			buildRules = (
			);
			dependencies = (
			);
			name = "H4X0R News";
			productName = "H4X0R News";
			productReference = C380B9A226F5095200E748D2 /* H4X0R News.app */;
			productType = "com.apple.product-type.application";
		};
/* End PBXNativeTarget section */

/* Begin PBXProject section */
		C380B99A26F5095200E748D2 /* Project object */ = {
			isa = PBXProject;
			attributes = {
				LastSwiftUpdateCheck = 1250;
				LastUpgradeCheck = 1250;
				TargetAttributes = {
					C380B9A126F5095200E748D2 = {
						CreatedOnToolsVersion = 12.5.1;
					};
				};
			};
			buildConfigurationList = C380B99D26F5095200E748D2 /* Build configuration list for PBXProject "H4X0R News" */;
			compatibilityVersion = "Xcode 9.3";
			developmentRegion = en;
			hasScannedForEncodings = 0;
			knownRegions = (
				en,
				Base,
			);
			mainGroup = C380B99926F5095200E748D2;
			productRefGroup = C380B9A326F5095200E748D2 /* Products */;
			projectDirPath = "";
			projectRoot = "";
			targets = (
				C380B9A126F5095200E748D2 /* H4X0R News */,
			);
		};
/* End PBXProject section */

/* Begin PBXResourcesBuildPhase section */
		C380B9A026F5095200E748D2 /* Resources */ = {
			isa = PBXResourcesBuildPhase;
			buildActionMask = 2147483647;
			files = (
				C380B9B226F5095400E748D2 /* LaunchScreen.storyboard in Resources */,
				C380B9AF26F5095400E748D2 /* Preview Assets.xcassets in Resources */,
				C380B9AC26F5095400E748D2 /* Assets.xcassets in Resources */,
			);
			runOnlyForDeploymentPostprocessing = 0;
		};
/* End PBXResourcesBuildPhase section */

/* Begin PBXSourcesBuildPhase section */
		C380B99E26F5095200E748D2 /* Sources */ = {
			isa = PBXSourcesBuildPhase;
			buildActionMask = 2147483647;
			files = (
				C380B9BD26F5122400E748D2 /* PostData.swift in Sources */,
				C380B9C126F5176D00E748D2 /* DetailView.swift in Sources */,
				C380B9BB26F50D2100E748D2 /* NetworkManager.swift in Sources */,
				C380B9A626F5095200E748D2 /* AppDelegate.swift in Sources */,
				C380B9A826F5095200E748D2 /* SceneDelegate.swift in Sources */,
				C380B9AA26F5095200E748D2 /* ContentView.swift in Sources */,
				C380B9C326F51A0800E748D2 /* WebView.swift in Sources */,
			);
			runOnlyForDeploymentPostprocessing = 0;
		};
/* End PBXSourcesBuildPhase section */

/* Begin PBXVariantGroup section */
		C380B9B026F5095400E748D2 /* LaunchScreen.storyboard */ = {
			isa = PBXVariantGroup;
			children = (
				C380B9B126F5095400E748D2 /* Base */,
			);
			name = LaunchScreen.storyboard;
			sourceTree = "<group>";
		};
/* End PBXVariantGroup section */

/* Begin XCBuildConfiguration section */
		C380B9B426F5095400E748D2 /* Debug */ = {
			isa = XCBuildConfiguration;
			buildSettings = {
				ALWAYS_SEARCH_USER_PATHS = NO;
				CLANG_ANALYZER_NONNULL = YES;
				CLANG_ANALYZER_NUMBER_OBJECT_CONVERSION = YES_AGGRESSIVE;
				CLANG_CXX_LANGUAGE_STANDARD = "gnu++14";
				CLANG_CXX_LIBRARY = "libc++";
				CLANG_ENABLE_MODULES = YES;
				CLANG_ENABLE_OBJC_ARC = YES;
				CLANG_ENABLE_OBJC_WEAK = YES;
				CLANG_WARN_BLOCK_CAPTURE_AUTORELEASING = YES;
				CLANG_WARN_BOOL_CONVERSION = YES;
				CLANG_WARN_COMMA = YES;
				CLANG_WARN_CONSTANT_CONVERSION = YES;
				CLANG_WARN_DEPRECATED_OBJC_IMPLEMENTATIONS = YES;
				CLANG_WARN_DIRECT_OBJC_ISA_USAGE = YES_ERROR;
				CLANG_WARN_DOCUMENTATION_COMMENTS = YES;
				CLANG_WARN_EMPTY_BODY = YES;
				CLANG_WARN_ENUM_CONVERSION = YES;
				CLANG_WARN_INFINITE_RECURSION = YES;
				CLANG_WARN_INT_CONVERSION = YES;
				CLANG_WARN_NON_LITERAL_NULL_CONVERSION = YES;
				CLANG_WARN_OBJC_IMPLICIT_RETAIN_SELF = YES;
				CLANG_WARN_OBJC_LITERAL_CONVERSION = YES;
				CLANG_WARN_OBJC_ROOT_CLASS = YES_ERROR;
				CLANG_WARN_QUOTED_INCLUDE_IN_FRAMEWORK_HEADER = YES;
				CLANG_WARN_RANGE_LOOP_ANALYSIS = YES;
				CLANG_WARN_STRICT_PROTOTYPES = YES;
				CLANG_WARN_SUSPICIOUS_MOVE = YES;
				CLANG_WARN_UNGUARDED_AVAILABILITY = YES_AGGRESSIVE;
				CLANG_WARN_UNREACHABLE_CODE = YES;
				CLANG_WARN__DUPLICATE_METHOD_MATCH = YES;
				COPY_PHASE_STRIP = NO;
				DEBUG_INFORMATION_FORMAT = dwarf;
				ENABLE_STRICT_OBJC_MSGSEND = YES;
				ENABLE_TESTABILITY = YES;
				GCC_C_LANGUAGE_STANDARD = gnu11;
				GCC_DYNAMIC_NO_PIC = NO;
				GCC_NO_COMMON_BLOCKS = YES;
				GCC_OPTIMIZATION_LEVEL = 0;
				GCC_PREPROCESSOR_DEFINITIONS = (
					"DEBUG=1",
					"$(inherited)",
				);
				GCC_WARN_64_TO_32_BIT_CONVERSION = YES;
				GCC_WARN_ABOUT_RETURN_TYPE = YES_ERROR;
				GCC_WARN_UNDECLARED_SELECTOR = YES;
				GCC_WARN_UNINITIALIZED_AUTOS = YES_AGGRESSIVE;
				GCC_WARN_UNUSED_FUNCTION = YES;
				GCC_WARN_UNUSED_VARIABLE = YES;
				IPHONEOS_DEPLOYMENT_TARGET = 14.5;
				MTL_ENABLE_DEBUG_INFO = INCLUDE_SOURCE;
				MTL_FAST_MATH = YES;
				ONLY_ACTIVE_ARCH = YES;
				SDKROOT = iphoneos;
				SWIFT_ACTIVE_COMPILATION_CONDITIONS = DEBUG;
				SWIFT_OPTIMIZATION_LEVEL = "-Onone";
			};
			name = Debug;
		};
		C380B9B526F5095400E748D2 /* Release */ = {
			isa = XCBuildConfiguration;
			buildSettings = {
				ALWAYS_SEARCH_USER_PATHS = NO;
				CLANG_ANALYZER_NONNULL = YES;
				CLANG_ANALYZER_NUMBER_OBJECT_CONVERSION = YES_AGGRESSIVE;
				CLANG_CXX_LANGUAGE_STANDARD = "gnu++14";
				CLANG_CXX_LIBRARY = "libc++";
				CLANG_ENABLE_MODULES = YES;
				CLANG_ENABLE_OBJC_ARC = YES;
				CLANG_ENABLE_OBJC_WEAK = YES;
				CLANG_WARN_BLOCK_CAPTURE_AUTORELEASING = YES;
				CLANG_WARN_BOOL_CONVERSION = YES;
				CLANG_WARN_COMMA = YES;
				CLANG_WARN_CONSTANT_CONVERSION = YES;
				CLANG_WARN_DEPRECATED_OBJC_IMPLEMENTATIONS = YES;
				CLANG_WARN_DIRECT_OBJC_ISA_USAGE = YES_ERROR;
				CLANG_WARN_DOCUMENTATION_COMMENTS = YES;
				CLANG_WARN_EMPTY_BODY = YES;
				CLANG_WARN_ENUM_CONVERSION = YES;
				CLANG_WARN_INFINITE_RECURSION = YES;
				CLANG_WARN_INT_CONVERSION = YES;
				CLANG_WARN_NON_LITERAL_NULL_CONVERSION = YES;
				CLANG_WARN_OBJC_IMPLICIT_RETAIN_SELF = YES;
				CLANG_WARN_OBJC_LITERAL_CONVERSION = YES;
				CLANG_WARN_OBJC_ROOT_CLASS = YES_ERROR;
				CLANG_WARN_QUOTED_INCLUDE_IN_FRAMEWORK_HEADER = YES;
				CLANG_WARN_RANGE_LOOP_ANALYSIS = YES;
				CLANG_WARN_STRICT_PROTOTYPES = YES;
				CLANG_WARN_SUSPICIOUS_MOVE = YES;
				CLANG_WARN_UNGUARDED_AVAILABILITY = YES_AGGRESSIVE;
				CLANG_WARN_UNREACHABLE_CODE = YES;
				CLANG_WARN__DUPLICATE_METHOD_MATCH = YES;
				COPY_PHASE_STRIP = NO;
				DEBUG_INFORMATION_FORMAT = "dwarf-with-dsym";
				ENABLE_NS_ASSERTIONS = NO;
				ENABLE_STRICT_OBJC_MSGSEND = YES;
				GCC_C_LANGUAGE_STANDARD = gnu11;
				GCC_NO_COMMON_BLOCKS = YES;
				GCC_WARN_64_TO_32_BIT_CONVERSION = YES;
				GCC_WARN_ABOUT_RETURN_TYPE = YES_ERROR;
				GCC_WARN_UNDECLARED_SELECTOR = YES;
				GCC_WARN_UNINITIALIZED_AUTOS = YES_AGGRESSIVE;
				GCC_WARN_UNUSED_FUNCTION = YES;
				GCC_WARN_UNUSED_VARIABLE = YES;
				IPHONEOS_DEPLOYMENT_TARGET = 14.5;
				MTL_ENABLE_DEBUG_INFO = NO;
				MTL_FAST_MATH = YES;
				SDKROOT = iphoneos;
				SWIFT_COMPILATION_MODE = wholemodule;
				SWIFT_OPTIMIZATION_LEVEL = "-O";
				VALIDATE_PRODUCT = YES;
			};
			name = Release;
		};
		C380B9B726F5095400E748D2 /* Debug */ = {
			isa = XCBuildConfiguration;
			buildSettings = {
				ASSETCATALOG_COMPILER_APPICON_NAME = AppIcon;
				ASSETCATALOG_COMPILER_GLOBAL_ACCENT_COLOR_NAME = AccentColor;
				CODE_SIGN_ENTITLEMENTS = "H4X0R News/H4X0R News.entitlements";
				CODE_SIGN_STYLE = Automatic;
				DEVELOPMENT_ASSET_PATHS = "\"H4X0R News/Preview Content\"";
				DEVELOPMENT_TEAM = QW5Q4DEJR2;
				ENABLE_PREVIEWS = YES;
				INFOPLIST_FILE = "H4X0R News/Info.plist";
				LD_RUNPATH_SEARCH_PATHS = (
					"$(inherited)",
					"@executable_path/Frameworks",
				);
				PRODUCT_BUNDLE_IDENTIFIER = "com.iSpimbi.H4X0R-News";
				PRODUCT_NAME = "$(TARGET_NAME)";
				SUPPORTS_MACCATALYST = YES;
				SWIFT_VERSION = 5.0;
				TARGETED_DEVICE_FAMILY = "1,2";
			};
			name = Debug;
		};
		C380B9B826F5095400E748D2 /* Release */ = {
			isa = XCBuildConfiguration;
			buildSettings = {
				ASSETCATALOG_COMPILER_APPICON_NAME = AppIcon;
				ASSETCATALOG_COMPILER_GLOBAL_ACCENT_COLOR_NAME = AccentColor;
				CODE_SIGN_ENTITLEMENTS = "H4X0R News/H4X0R News.entitlements";
				CODE_SIGN_STYLE = Automatic;
				DEVELOPMENT_ASSET_PATHS = "\"H4X0R News/Preview Content\"";
				DEVELOPMENT_TEAM = QW5Q4DEJR2;
				ENABLE_PREVIEWS = YES;
				INFOPLIST_FILE = "H4X0R News/Info.plist";
				LD_RUNPATH_SEARCH_PATHS = (
					"$(inherited)",
					"@executable_path/Frameworks",
				);
				PRODUCT_BUNDLE_IDENTIFIER = "com.iSpimbi.H4X0R-News";
				PRODUCT_NAME = "$(TARGET_NAME)";
				SUPPORTS_MACCATALYST = YES;
				SWIFT_VERSION = 5.0;
				TARGETED_DEVICE_FAMILY = "1,2";
			};
			name = Release;
		};
/* End XCBuildConfiguration section */

/* Begin XCConfigurationList section */
		C380B99D26F5095200E748D2 /* Build configuration list for PBXProject "H4X0R News" */ = {
			isa = XCConfigurationList;
			buildConfigurations = (
				C380B9B426F5095400E748D2 /* Debug */,
				C380B9B526F5095400E748D2 /* Release */,
			);
			defaultConfigurationIsVisible = 0;
			defaultConfigurationName = Release;
		};
		C380B9B626F5095400E748D2 /* Build configuration list for PBXNativeTarget "H4X0R News" */ = {
			isa = XCConfigurationList;
			buildConfigurations = (
				C380B9B726F5095400E748D2 /* Debug */,
				C380B9B826F5095400E748D2 /* Release */,
			);
			defaultConfigurationIsVisible = 0;
			defaultConfigurationName = Release;
		};
/* End XCConfigurationList section */
	};
	rootObject = C380B99A26F5095200E748D2 /* Project object */;
}
